
Microsoft Visual Studio Solution File, Format Version 12.00
# Visual Studio Version 17
VisualStudioVersion = 17.4.33213.308
MinimumVisualStudioVersion = 10.0.40219.1
Project("{FAE04EC0-301F-11D3-BF4B-00C04F79EFBC}") = "BookStoreVer2", "BookStoreVer2\BookStoreVer2.csproj", "{77DED087-48C2-4088-9FDF-F528CFF8A074}"
EndProject
Global
	GlobalSection(SolutionConfigurationPlatforms) = preSolution
		Debug|Any CPU = Debug|Any CPU
		Release|Any CPU = Release|Any CPU
	EndGlobalSection
	GlobalSection(ProjectConfigurationPlatforms) = postSolution
		{77DED087-48C2-4088-9FDF-F528CFF8A074}.Debug|Any CPU.ActiveCfg = Debug|Any CPU
		{77DED087-48C2-4088-9FDF-F528CFF8A074}.Debug|Any CPU.Build.0 = Debug|Any CPU
		{77DED087-48C2-4088-9FDF-F528CFF8A074}.Release|Any CPU.ActiveCfg = Release|Any CPU
		{77DED087-48C2-4088-9FDF-F528CFF8A074}.Release|Any CPU.Build.0 = Release|Any CPU
	EndGlobalSection
	GlobalSection(SolutionProperties) = preSolution
		HideSolutionNode = FALSE
	EndGlobalSection
	GlobalSection(ExtensibilityGlobals) = postSolution
		SolutionGuid = {468EE33A-19AE-4FF0-8573-27AAA149848A}
	EndGlobalSection
EndGlobal
